
Microsoft Visual Studio Solution File, Format Version 12.00
# Visual Studio Version 16
VisualStudioVersion = 16.0.32106.194
MinimumVisualStudioVersion = 10.0.40219.1
Project("{FAE04EC0-301F-11D3-BF4B-00C04F79EFBC}") = "ProgrWill", "ProgrWill\ProgrWill.csproj", "{DC66EE4A-580A-4FBB-9A26-C4EE108D5AB0}"
EndProject
Global
	GlobalSection(SolutionConfigurationPlatforms) = preSolution
		Debug|Any CPU = Debug|Any CPU
		Release|Any CPU = Release|Any CPU
	EndGlobalSection
	GlobalSection(ProjectConfigurationPlatforms) = postSolution
		{DC66EE4A-580A-4FBB-9A26-C4EE108D5AB0}.Debug|Any CPU.ActiveCfg = Debug|Any CPU
		{DC66EE4A-580A-4FBB-9A26-C4EE108D5AB0}.Debug|Any CPU.Build.0 = Debug|Any CPU
		{DC66EE4A-580A-4FBB-9A26-C4EE108D5AB0}.Release|Any CPU.ActiveCfg = Release|Any CPU
		{DC66EE4A-580A-4FBB-9A26-C4EE108D5AB0}.Release|Any CPU.Build.0 = Release|Any CPU
	EndGlobalSection
	GlobalSection(SolutionProperties) = preSolution
		HideSolutionNode = FALSE
	EndGlobalSection
	GlobalSection(ExtensibilityGlobals) = postSolution
		SolutionGuid = {1B17D61C-E1AB-4799-994D-49A8E94636E5}
	EndGlobalSection
EndGlobal
